
Microsoft Visual Studio Solution File, Format Version 12.00
# Visual Studio 15
VisualStudioVersion = 15.0.27428.2037
MinimumVisualStudioVersion = 10.0.40219.1
Project("{9A19103F-16F7-4668-BE54-9A1E7A4F7556}") = "Piping", "Piping\Piping.csproj", "{B9125C42-D747-4F32-969B-377D1EBA47AF}"
EndProject
Project("{9A19103F-16F7-4668-BE54-9A1E7A4F7556}") = "Piping.Test", "Piping.Test\Piping.Test.csproj", "{FE8E678D-C495-48CE-AFB1-41712EFBF144}"
EndProject
Project("{9A19103F-16F7-4668-BE54-9A1E7A4F7556}") = "Piping.Example", "Piping.Example\Piping.Example.csproj", "{7A3CD797-865D-46D7-B0D6-4A7694253F81}"
EndProject
Global
	GlobalSection(SolutionConfigurationPlatforms) = preSolution
		Debug|Any CPU = Debug|Any CPU
		Release|Any CPU = Release|Any CPU
	EndGlobalSection
	GlobalSection(ProjectConfigurationPlatforms) = postSolution
		{B9125C42-D747-4F32-969B-377D1EBA47AF}.Debug|Any CPU.ActiveCfg = Debug|Any CPU
		{B9125C42-D747-4F32-969B-377D1EBA47AF}.Debug|Any CPU.Build.0 = Debug|Any CPU
		{B9125C42-D747-4F32-969B-377D1EBA47AF}.Release|Any CPU.ActiveCfg = Release|Any CPU
		{B9125C42-D747-4F32-969B-377D1EBA47AF}.Release|Any CPU.Build.0 = Release|Any CPU
		{FE8E678D-C495-48CE-AFB1-41712EFBF144}.Debug|Any CPU.ActiveCfg = Debug|Any CPU
		{FE8E678D-C495-48CE-AFB1-41712EFBF144}.Debug|Any CPU.Build.0 = Debug|Any CPU
		{FE8E678D-C495-48CE-AFB1-41712EFBF144}.Release|Any CPU.ActiveCfg = Release|Any CPU
		{FE8E678D-C495-48CE-AFB1-41712EFBF144}.Release|Any CPU.Build.0 = Release|Any CPU
		{7A3CD797-865D-46D7-B0D6-4A7694253F81}.Debug|Any CPU.ActiveCfg = Debug|Any CPU
		{7A3CD797-865D-46D7-B0D6-4A7694253F81}.Debug|Any CPU.Build.0 = Debug|Any CPU
		{7A3CD797-865D-46D7-B0D6-4A7694253F81}.Release|Any CPU.ActiveCfg = Release|Any CPU
		{7A3CD797-865D-46D7-B0D6-4A7694253F81}.Release|Any CPU.Build.0 = Release|Any CPU
	EndGlobalSection
	GlobalSection(SolutionProperties) = preSolution
		HideSolutionNode = FALSE
	EndGlobalSection
	GlobalSection(ExtensibilityGlobals) = postSolution
		SolutionGuid = {66DF0838-C005-4F51-B376-268BBE1A028A}
	EndGlobalSection
EndGlobal
